{
  "version": 4,
  "terraform_version": "1.10.4",
  "serial": 23,
  "lineage": "62bfec63-4cf9-6a16-f4db-a3fd80f4e30d",
  "outputs": {
    "client_id": {
      "value": "75b56tnj8151qj2gp0mh0svhht",
      "type": "string"
    },
    "client_secret": {
      "value": "",
      "type": "string",
      "sensitive": true
    }
  },
  "resources": [
    {
      "mode": "managed",
      "type": "aws_cognito_identity_provider",
      "name": "google_provider",
      "provider": "provider[\"registry.terraform.io/hashicorp/aws\"]",
      "instances": [
        {
          "schema_version": 0,
          "attributes": {
            "attribute_mapping": {
              "email": "email",
              "username": "sub"
            },
            "id": "us-east-1_QhKf9CAZ1:Google",
            "idp_identifiers": null,
            "provider_details": {
              "attributes_url": "https://people.googleapis.com/v1/people/me?personFields=",
              "attributes_url_add_attributes": "true",
              "authorize_scopes": "openid email profile",
              "authorize_url": "https://accounts.google.com/o/oauth2/v2/auth",
              "client_id": "298502638928-lopicvjb07hiq716f53kvdreb1m31ul0.apps.googleusercontent.com",
              "client_secret": "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",
              "oidc_issuer": "https://accounts.google.com",
              "token_request_method": "POST",
              "token_url": "https://www.googleapis.com/oauth2/v4/token"
            },
            "provider_name": "Google",
            "provider_type": "Google",
            "user_pool_id": "us-east-1_QhKf9CAZ1"
          },
          "sensitive_attributes": [],
          "private": "bnVsbA==",
          "dependencies": [
            "aws_cognito_user_pool.demo_pool"
          ]
        }
      ]
    },
    {
      "mode": "managed",
      "type": "aws_cognito_user_pool",
      "name": "demo_pool",
      "provider": "provider[\"registry.terraform.io/hashicorp/aws\"]",
      "instances": [
        {
          "schema_version": 0,
          "attributes": {
            "account_recovery_setting": [
              {
                "recovery_mechanism": [
                  {
                    "name": "verified_email",
                    "priority": 1
                  },
                  {
                    "name": "verified_phone_number",
                    "priority": 2
                  }
                ]
              }
            ],
            "admin_create_user_config": [
              {
                "allow_admin_create_user_only": false,
                "invite_message_template": []
              }
            ],
            "alias_attributes": null,
            "arn": "arn:aws:cognito-idp:us-east-1:380305627993:userpool/us-east-1_QhKf9CAZ1",
            "auto_verified_attributes": null,
            "creation_date": "2025-01-15T15:54:44Z",
            "custom_domain": "",
            "deletion_protection": "INACTIVE",
            "device_configuration": [],
            "domain": "",
            "email_configuration": [
              {
                "configuration_set": "",
                "email_sending_account": "COGNITO_DEFAULT",
                "from_email_address": "",
                "reply_to_email_address": "",
                "source_arn": ""
              }
            ],
            "email_mfa_configuration": [],
            "email_verification_message": "",
            "email_verification_subject": "",
            "endpoint": "cognito-idp.us-east-1.amazonaws.com/us-east-1_QhKf9CAZ1",
            "estimated_number_of_users": 0,
            "id": "us-east-1_QhKf9CAZ1",
            "lambda_config": [],
            "last_modified_date": "2025-01-15T15:54:44Z",
            "mfa_configuration": "OFF",
            "name": "my-demo-user-pool",
            "password_policy": [
              {
                "minimum_length": 8,
                "password_history_size": 0,
                "require_lowercase": true,
                "require_numbers": true,
                "require_symbols": true,
                "require_uppercase": true,
                "temporary_password_validity_days": 7
              }
            ],
            "schema": [],
            "sign_in_policy": [
              {
                "allowed_first_auth_factors": [
                  "PASSWORD"
                ]
              }
            ],
            "sms_authentication_message": "",
            "sms_configuration": [],
            "sms_verification_message": "",
            "software_token_mfa_configuration": [],
            "tags": null,
            "tags_all": {},
            "user_attribute_update_settings": [],
            "user_pool_add_ons": [],
            "user_pool_tier": "ESSENTIALS",
            "username_attributes": [
              "email"
            ],
            "username_configuration": [],
            "verification_message_template": [
              {
                "default_email_option": "CONFIRM_WITH_CODE",
                "email_message": "",
                "email_message_by_link": "",
                "email_subject": "",
                "email_subject_by_link": "",
                "sms_message": ""
              }
            ],
            "web_authn_configuration": []
          },
          "sensitive_attributes": [],
          "private": "bnVsbA=="
        }
      ]
    },
    {
      "mode": "managed",
      "type": "aws_cognito_user_pool_client",
      "name": "demo_pool_client",
      "provider": "provider[\"registry.terraform.io/hashicorp/aws\"]",
      "instances": [
        {
          "schema_version": 0,
          "attributes": {
            "access_token_validity": 0,
            "allowed_oauth_flows": [
              "code"
            ],
            "allowed_oauth_flows_user_pool_client": true,
            "allowed_oauth_scopes": [
              "email",
              "openid",
              "profile"
            ],
            "analytics_configuration": [],
            "auth_session_validity": 3,
            "callback_urls": [
              "http://localhost:4200/auth-callback"
            ],
            "client_secret": "",
            "default_redirect_uri": "",
            "enable_propagate_additional_user_context_data": false,
            "enable_token_revocation": true,
            "explicit_auth_flows": [],
            "generate_secret": null,
            "id": "75b56tnj8151qj2gp0mh0svhht",
            "id_token_validity": 0,
            "logout_urls": [
              "http://localhost:4200"
            ],
            "name": "my-demo-user-pool-client",
            "prevent_user_existence_errors": "",
            "read_attributes": [],
            "refresh_token_validity": 30,
            "supported_identity_providers": [
              "COGNITO",
              "Google"
            ],
            "token_validity_units": [],
            "user_pool_id": "us-east-1_QhKf9CAZ1",
            "write_attributes": []
          },
          "sensitive_attributes": [
            [
              {
                "type": "get_attr",
                "value": "client_secret"
              }
            ]
          ],
          "dependencies": [
            "aws_cognito_identity_provider.google_provider",
            "aws_cognito_user_pool.demo_pool"
          ]
        }
      ]
    }
  ],
  "check_results": null
}
